
Microsoft Visual Studio Solution File, Format Version 12.00
# Visual Studio Version 16
VisualStudioVersion = 16.0.31025.194
MinimumVisualStudioVersion = 10.0.40219.1
Project("{FAE04EC0-301F-11D3-BF4B-00C04F79EFBC}") = "WalletServices", "WalletServices\WalletServices.csproj", "{846BC5EA-B301-4696-BF9B-CF4298484447}"
EndProject
Global
	GlobalSection(SolutionConfigurationPlatforms) = preSolution
		Debug|Any CPU = Debug|Any CPU
		Release|Any CPU = Release|Any CPU
	EndGlobalSection
	GlobalSection(ProjectConfigurationPlatforms) = postSolution
		{846BC5EA-B301-4696-BF9B-CF4298484447}.Debug|Any CPU.ActiveCfg = Debug|Any CPU
		{846BC5EA-B301-4696-BF9B-CF4298484447}.Debug|Any CPU.Build.0 = Debug|Any CPU
		{846BC5EA-B301-4696-BF9B-CF4298484447}.Release|Any CPU.ActiveCfg = Release|Any CPU
		{846BC5EA-B301-4696-BF9B-CF4298484447}.Release|Any CPU.Build.0 = Release|Any CPU
	EndGlobalSection
	GlobalSection(SolutionProperties) = preSolution
		HideSolutionNode = FALSE
	EndGlobalSection
	GlobalSection(ExtensibilityGlobals) = postSolution
		SolutionGuid = {BF75C77C-52D5-4550-8AFA-E934FC73F54D}
	EndGlobalSection
EndGlobal
